
Microsoft Visual Studio Solution File, Format Version 12.00
# Visual Studio Version 16
VisualStudioVersion = 16.0.30413.136
MinimumVisualStudioVersion = 10.0.40219.1
Project("{FAE04EC0-301F-11D3-BF4B-00C04F79EFBC}") = "Fonlogen Mod Manager", "Fonlogen Mod Manager\Fonlogen Mod Manager.csproj", "{BC98396C-3AEB-49ED-8FF3-F6EDA46C05FF}"
EndProject
Global
	GlobalSection(SolutionConfigurationPlatforms) = preSolution
		Debug|Any CPU = Debug|Any CPU
		Release|Any CPU = Release|Any CPU
	EndGlobalSection
	GlobalSection(ProjectConfigurationPlatforms) = postSolution
		{BC98396C-3AEB-49ED-8FF3-F6EDA46C05FF}.Debug|Any CPU.ActiveCfg = Debug|Any CPU
		{BC98396C-3AEB-49ED-8FF3-F6EDA46C05FF}.Debug|Any CPU.Build.0 = Debug|Any CPU
		{BC98396C-3AEB-49ED-8FF3-F6EDA46C05FF}.Release|Any CPU.ActiveCfg = Release|Any CPU
		{BC98396C-3AEB-49ED-8FF3-F6EDA46C05FF}.Release|Any CPU.Build.0 = Release|Any CPU
	EndGlobalSection
	GlobalSection(SolutionProperties) = preSolution
		HideSolutionNode = FALSE
	EndGlobalSection
	GlobalSection(ExtensibilityGlobals) = postSolution
		SolutionGuid = {77C29D4E-A170-4995-9393-5A30DA685D54}
	EndGlobalSection
EndGlobal
